{
  "name": "sdk-smoke",
  "lockfileVersion": 3,
  "requires": true,
  "packages": {
    "": {
      "dependencies": {
        "@opencode-ai/sdk": "file:/tmp/sdk-extract/package"
      }
    },
    "../../../../../tmp/sdk-extract/package": {
      "name": "@opencode-ai/sdk",
      "version": "1.17.4",
      "license": "MIT",
      "dependencies": {
        "cross-spawn": "7.0.6"
      },
      "devDependencies": {
        "@hey-api/openapi-ts": "0.90.10",
        "@tsconfig/node22": "22.0.2",
        "@types/cross-spawn": "6.0.6",
        "@types/node": "24.12.2",
        "@typescript/native-preview": "7.0.0-dev.20251207.1",
        "typescript": "5.8.2"
      }
    },
    "node_modules/@opencode-ai/sdk": {
      "resolved": "../../../../../tmp/sdk-extract/package",
      "link": true
    }
  }
}
